# THIS IS AN AUTOGENERATED FILE. DO NOT EDIT THIS FILE DIRECTLY.
# yarn lockfile v1


derive-valtio@0.1.0:
  version "0.1.0"
  resolved "https://registry.yarnpkg.com/derive-valtio/-/derive-valtio-0.1.0.tgz#4b9fb393dfefccfef15fcbbddd745dd22d5d63d7"
  integrity sha512-OCg2UsLbXK7GmmpzMXhYkdO64vhJ1ROUUGaTFyHjVwEdMEcTTRj7W1TxLbSBxdY8QLBPCcp66MTyaSy0RpO17A==

proxy-compare@2.5.1:
  version "2.5.1"
  resolved "https://registry.yarnpkg.com/proxy-compare/-/proxy-compare-2.5.1.tgz#17818e33d1653fbac8c2ec31406bce8a2966f600"
  integrity sha512-oyfc0Tx87Cpwva5ZXezSp5V9vht1c7dZBhvuV/y3ctkgMVUmiAGDVeeB0dKhGSyT0v1ZTEQYpe/RXlBVBNuCLA==

use-sync-external-store@1.2.0:
  version "1.2.0"
  resolved "https://registry.yarnpkg.com/use-sync-external-store/-/use-sync-external-store-1.2.0.tgz#7dbefd6ef3fe4e767a0cf5d7287aacfb5846928a"
  integrity sha512-eEgnFxGQ1Ife9bzYs6VLi8/4X6CObHMw9Qr9tPY43iKwsPw8xE8+EFsf/2cFZ5S3esXgpWgtSCtLNS41F+sKPA==

valtio@^1.13.0:
  version "1.13.0"
  resolved "https://registry.yarnpkg.com/valtio/-/valtio-1.13.0.tgz#6ee62629b658bc88a72703817e4eb1827b3d8754"
  integrity sha512-s2VkxxFyaJwjpIheJonRa/34HWS1EpsEjw9OW9l3j8G4cbIw7lruspOjyv+z2o4BrGx351BH+VWb8sZHkrlyYA==
  dependencies:
    derive-valtio "0.1.0"
    proxy-compare "2.5.1"
    use-sync-external-store "1.2.0"
